
Microsoft Visual Studio Solution File, Format Version 12.00
# Visual Studio Version 16
VisualStudioVersion = 16.0.29613.14
MinimumVisualStudioVersion = 10.0.40219.1
Project("{FAE04EC0-301F-11D3-BF4B-00C04F79EFBC}") = "DefaultAppDomainApp", "DefaultAppDomainApp\DefaultAppDomainApp.csproj", "{1F7C62F4-0BCF-442C-BE83-D3F1DA60E69C}"
EndProject
Global
	GlobalSection(SolutionConfigurationPlatforms) = preSolution
		Debug|Any CPU = Debug|Any CPU
		Release|Any CPU = Release|Any CPU
	EndGlobalSection
	GlobalSection(ProjectConfigurationPlatforms) = postSolution
		{1F7C62F4-0BCF-442C-BE83-D3F1DA60E69C}.Debug|Any CPU.ActiveCfg = Debug|Any CPU
		{1F7C62F4-0BCF-442C-BE83-D3F1DA60E69C}.Debug|Any CPU.Build.0 = Debug|Any CPU
		{1F7C62F4-0BCF-442C-BE83-D3F1DA60E69C}.Release|Any CPU.ActiveCfg = Release|Any CPU
		{1F7C62F4-0BCF-442C-BE83-D3F1DA60E69C}.Release|Any CPU.Build.0 = Release|Any CPU
	EndGlobalSection
	GlobalSection(SolutionProperties) = preSolution
		HideSolutionNode = FALSE
	EndGlobalSection
	GlobalSection(ExtensibilityGlobals) = postSolution
		SolutionGuid = {8B2E80F6-48EE-4F3C-A025-B2003B841E7D}
	EndGlobalSection
EndGlobal
