
Microsoft Visual Studio Solution File, Format Version 12.00
# Visual Studio Version 16
VisualStudioVersion = 16.0.29911.84
MinimumVisualStudioVersion = 10.0.40219.1
Project("{FAE04EC0-301F-11D3-BF4B-00C04F79EFBC}") = "MagicEightBallServiceLib", "MagicEightBallServiceLib\MagicEightBallServiceLib.csproj", "{EBAED33C-3436-43B8-8543-7DA8B41AD932}"
EndProject
Project("{FAE04EC0-301F-11D3-BF4B-00C04F79EFBC}") = "MagicEightBallServiceHost", "MagicEightBallServiceHost\MagicEightBallServiceHost.csproj", "{714C4BEF-2E61-4A43-9C35-235A8078C6CC}"
EndProject
Project("{FAE04EC0-301F-11D3-BF4B-00C04F79EFBC}") = "MagicEightBallServiceClient", "MagicEightBallServiceClient\MagicEightBallServiceClient.csproj", "{EC10E6C5-95AB-4DC6-A392-3F36EBCE9BFE}"
EndProject
Global
	GlobalSection(SolutionConfigurationPlatforms) = preSolution
		Debug|Any CPU = Debug|Any CPU
		Release|Any CPU = Release|Any CPU
	EndGlobalSection
	GlobalSection(ProjectConfigurationPlatforms) = postSolution
		{EBAED33C-3436-43B8-8543-7DA8B41AD932}.Debug|Any CPU.ActiveCfg = Debug|Any CPU
		{EBAED33C-3436-43B8-8543-7DA8B41AD932}.Debug|Any CPU.Build.0 = Debug|Any CPU
		{EBAED33C-3436-43B8-8543-7DA8B41AD932}.Release|Any CPU.ActiveCfg = Release|Any CPU
		{EBAED33C-3436-43B8-8543-7DA8B41AD932}.Release|Any CPU.Build.0 = Release|Any CPU
		{714C4BEF-2E61-4A43-9C35-235A8078C6CC}.Debug|Any CPU.ActiveCfg = Debug|Any CPU
		{714C4BEF-2E61-4A43-9C35-235A8078C6CC}.Debug|Any CPU.Build.0 = Debug|Any CPU
		{714C4BEF-2E61-4A43-9C35-235A8078C6CC}.Release|Any CPU.ActiveCfg = Release|Any CPU
		{714C4BEF-2E61-4A43-9C35-235A8078C6CC}.Release|Any CPU.Build.0 = Release|Any CPU
		{EC10E6C5-95AB-4DC6-A392-3F36EBCE9BFE}.Debug|Any CPU.ActiveCfg = Debug|Any CPU
		{EC10E6C5-95AB-4DC6-A392-3F36EBCE9BFE}.Debug|Any CPU.Build.0 = Debug|Any CPU
		{EC10E6C5-95AB-4DC6-A392-3F36EBCE9BFE}.Release|Any CPU.ActiveCfg = Release|Any CPU
		{EC10E6C5-95AB-4DC6-A392-3F36EBCE9BFE}.Release|Any CPU.Build.0 = Release|Any CPU
	EndGlobalSection
	GlobalSection(SolutionProperties) = preSolution
		HideSolutionNode = FALSE
	EndGlobalSection
	GlobalSection(ExtensibilityGlobals) = postSolution
		SolutionGuid = {C879FE16-9257-448A-A0B8-3E11B461B6BC}
	EndGlobalSection
EndGlobal
