
Microsoft Visual Studio Solution File, Format Version 12.00
# Visual Studio Version 16
VisualStudioVersion = 16.0.29613.14
MinimumVisualStudioVersion = 10.0.40219.1
Project("{FAE04EC0-301F-11D3-BF4B-00C04F79EFBC}") = "ObgectContextApp", "ObgectContextApp\ObgectContextApp.csproj", "{B4118275-E558-48AF-BB96-6648330059C1}"
EndProject
Global
	GlobalSection(SolutionConfigurationPlatforms) = preSolution
		Debug|Any CPU = Debug|Any CPU
		Release|Any CPU = Release|Any CPU
	EndGlobalSection
	GlobalSection(ProjectConfigurationPlatforms) = postSolution
		{B4118275-E558-48AF-BB96-6648330059C1}.Debug|Any CPU.ActiveCfg = Debug|Any CPU
		{B4118275-E558-48AF-BB96-6648330059C1}.Debug|Any CPU.Build.0 = Debug|Any CPU
		{B4118275-E558-48AF-BB96-6648330059C1}.Release|Any CPU.ActiveCfg = Release|Any CPU
		{B4118275-E558-48AF-BB96-6648330059C1}.Release|Any CPU.Build.0 = Release|Any CPU
	EndGlobalSection
	GlobalSection(SolutionProperties) = preSolution
		HideSolutionNode = FALSE
	EndGlobalSection
	GlobalSection(ExtensibilityGlobals) = postSolution
		SolutionGuid = {18FF2FFF-091C-48A1-A52C-17B079B35C1C}
	EndGlobalSection
EndGlobal
