
Microsoft Visual Studio Solution File, Format Version 12.00
# Visual Studio Version 16
VisualStudioVersion = 16.0.29911.84
MinimumVisualStudioVersion = 10.0.40219.1
Project("{FAE04EC0-301F-11D3-BF4B-00C04F79EFBC}") = "AutoLotDAL", "AutoLotDAL\AutoLotDAL.csproj", "{5E25A749-2E59-4B84-AD51-D0FB3520F007}"
EndProject
Project("{FAE04EC0-301F-11D3-BF4B-00C04F79EFBC}") = "AutoLotTestDrive", "AutoLotTestDrive\AutoLotTestDrive.csproj", "{18D1EB8F-BC5E-459D-A6A8-676924B1FF99}"
EndProject
Project("{FAE04EC0-301F-11D3-BF4B-00C04F79EFBC}") = "AutoLotDAL.Models", "AutoLotDAL.Models\AutoLotDAL.Models.csproj", "{703DD881-C5AC-48C8-8786-1C55443AF07A}"
EndProject
Global
	GlobalSection(SolutionConfigurationPlatforms) = preSolution
		Debug|Any CPU = Debug|Any CPU
		Release|Any CPU = Release|Any CPU
	EndGlobalSection
	GlobalSection(ProjectConfigurationPlatforms) = postSolution
		{5E25A749-2E59-4B84-AD51-D0FB3520F007}.Debug|Any CPU.ActiveCfg = Debug|Any CPU
		{5E25A749-2E59-4B84-AD51-D0FB3520F007}.Debug|Any CPU.Build.0 = Debug|Any CPU
		{5E25A749-2E59-4B84-AD51-D0FB3520F007}.Release|Any CPU.ActiveCfg = Release|Any CPU
		{5E25A749-2E59-4B84-AD51-D0FB3520F007}.Release|Any CPU.Build.0 = Release|Any CPU
		{18D1EB8F-BC5E-459D-A6A8-676924B1FF99}.Debug|Any CPU.ActiveCfg = Debug|Any CPU
		{18D1EB8F-BC5E-459D-A6A8-676924B1FF99}.Debug|Any CPU.Build.0 = Debug|Any CPU
		{18D1EB8F-BC5E-459D-A6A8-676924B1FF99}.Release|Any CPU.ActiveCfg = Release|Any CPU
		{18D1EB8F-BC5E-459D-A6A8-676924B1FF99}.Release|Any CPU.Build.0 = Release|Any CPU
		{703DD881-C5AC-48C8-8786-1C55443AF07A}.Debug|Any CPU.ActiveCfg = Debug|Any CPU
		{703DD881-C5AC-48C8-8786-1C55443AF07A}.Debug|Any CPU.Build.0 = Debug|Any CPU
		{703DD881-C5AC-48C8-8786-1C55443AF07A}.Release|Any CPU.ActiveCfg = Release|Any CPU
		{703DD881-C5AC-48C8-8786-1C55443AF07A}.Release|Any CPU.Build.0 = Release|Any CPU
	EndGlobalSection
	GlobalSection(SolutionProperties) = preSolution
		HideSolutionNode = FALSE
	EndGlobalSection
	GlobalSection(ExtensibilityGlobals) = postSolution
		SolutionGuid = {A40109DE-C267-44A2-823A-9F2F7EA96CE9}
	EndGlobalSection
EndGlobal
