
Microsoft Visual Studio Solution File, Format Version 12.00
# Visual Studio Version 16
VisualStudioVersion = 16.0.30002.166
MinimumVisualStudioVersion = 10.0.40219.1
Project("{E24C65DC-7377-472B-9ABA-BC803B73C61A}") = "AutoLotWCFService", "AutoLotWCFService\", "{33C460F3-A528-4399-A58F-BC9F99B849E3}"
	ProjectSection(WebsiteProperties) = preProject
		TargetFrameworkMoniker = ".NETFramework,Version%3Dv4.7.2"
		ProjectReferences = "{5e25a749-2e59-4b84-ad51-d0fb3520f007}|AutoLotDAL.dll;{703DD881-C5AC-48C8-8786-1C55443AF07A}|AutoLotDAL.Models.dll;"
		Debug.AspNetCompiler.VirtualPath = "/localhost_55378"
		Debug.AspNetCompiler.PhysicalPath = "AutoLotWCFService\"
		Debug.AspNetCompiler.TargetPath = "PrecompiledWeb\localhost_55378\"
		Debug.AspNetCompiler.Updateable = "true"
		Debug.AspNetCompiler.ForceOverwrite = "true"
		Debug.AspNetCompiler.FixedNames = "false"
		Debug.AspNetCompiler.Debug = "True"
		Release.AspNetCompiler.VirtualPath = "/localhost_55378"
		Release.AspNetCompiler.PhysicalPath = "AutoLotWCFService\"
		Release.AspNetCompiler.TargetPath = "PrecompiledWeb\localhost_55378\"
		Release.AspNetCompiler.Updateable = "true"
		Release.AspNetCompiler.ForceOverwrite = "true"
		Release.AspNetCompiler.FixedNames = "false"
		Release.AspNetCompiler.Debug = "False"
		VWDPort = "55378"
		SlnRelativePath = "AutoLotWCFService\"
		DefaultWebSiteLanguage = "Visual C#"
	EndProjectSection
EndProject
Project("{FAE04EC0-301F-11D3-BF4B-00C04F79EFBC}") = "AutoLotDAL", "..\..\Chapter 22. Entity Framework\AutoLotDAL\AutoLotDAL\AutoLotDAL.csproj", "{5E25A749-2E59-4B84-AD51-D0FB3520F007}"
EndProject
Project("{FAE04EC0-301F-11D3-BF4B-00C04F79EFBC}") = "AutoLotDAL.Models", "..\..\Chapter 22. Entity Framework\AutoLotDAL\AutoLotDAL.Models\AutoLotDAL.Models.csproj", "{703DD881-C5AC-48C8-8786-1C55443AF07A}"
EndProject
Global
	GlobalSection(SolutionConfigurationPlatforms) = preSolution
		Debug|Any CPU = Debug|Any CPU
		Release|Any CPU = Release|Any CPU
	EndGlobalSection
	GlobalSection(ProjectConfigurationPlatforms) = postSolution
		{33C460F3-A528-4399-A58F-BC9F99B849E3}.Debug|Any CPU.ActiveCfg = Debug|Any CPU
		{33C460F3-A528-4399-A58F-BC9F99B849E3}.Debug|Any CPU.Build.0 = Debug|Any CPU
		{33C460F3-A528-4399-A58F-BC9F99B849E3}.Release|Any CPU.ActiveCfg = Debug|Any CPU
		{33C460F3-A528-4399-A58F-BC9F99B849E3}.Release|Any CPU.Build.0 = Debug|Any CPU
		{5E25A749-2E59-4B84-AD51-D0FB3520F007}.Debug|Any CPU.ActiveCfg = Debug|Any CPU
		{5E25A749-2E59-4B84-AD51-D0FB3520F007}.Debug|Any CPU.Build.0 = Debug|Any CPU
		{5E25A749-2E59-4B84-AD51-D0FB3520F007}.Release|Any CPU.ActiveCfg = Release|Any CPU
		{5E25A749-2E59-4B84-AD51-D0FB3520F007}.Release|Any CPU.Build.0 = Release|Any CPU
		{703DD881-C5AC-48C8-8786-1C55443AF07A}.Debug|Any CPU.ActiveCfg = Debug|Any CPU
		{703DD881-C5AC-48C8-8786-1C55443AF07A}.Debug|Any CPU.Build.0 = Debug|Any CPU
		{703DD881-C5AC-48C8-8786-1C55443AF07A}.Release|Any CPU.ActiveCfg = Release|Any CPU
		{703DD881-C5AC-48C8-8786-1C55443AF07A}.Release|Any CPU.Build.0 = Release|Any CPU
	EndGlobalSection
	GlobalSection(SolutionProperties) = preSolution
		HideSolutionNode = FALSE
	EndGlobalSection
	GlobalSection(ExtensibilityGlobals) = postSolution
		SolutionGuid = {D05BC2B7-ABDE-433D-9EE7-A976C1CDCA8F}
	EndGlobalSection
EndGlobal
